
Microsoft Visual Studio Solution File, Format Version 12.00
# Visual Studio Version 17
VisualStudioVersion = 17.6.33801.468
MinimumVisualStudioVersion = 10.0.40219.1
Project("{FAE04EC0-301F-11D3-BF4B-00C04F79EFBC}") = "TodoApi1", "TodoApi1\TodoApi1.csproj", "{8AEBCF31-90F4-4022-BCB0-ABEB21C06B45}"
EndProject
Global
	GlobalSection(SolutionConfigurationPlatforms) = preSolution
		Debug|Any CPU = Debug|Any CPU
		Release|Any CPU = Release|Any CPU
	EndGlobalSection
	GlobalSection(ProjectConfigurationPlatforms) = postSolution
		{8AEBCF31-90F4-4022-BCB0-ABEB21C06B45}.Debug|Any CPU.ActiveCfg = Debug|Any CPU
		{8AEBCF31-90F4-4022-BCB0-ABEB21C06B45}.Debug|Any CPU.Build.0 = Debug|Any CPU
		{8AEBCF31-90F4-4022-BCB0-ABEB21C06B45}.Release|Any CPU.ActiveCfg = Release|Any CPU
		{8AEBCF31-90F4-4022-BCB0-ABEB21C06B45}.Release|Any CPU.Build.0 = Release|Any CPU
	EndGlobalSection
	GlobalSection(SolutionProperties) = preSolution
		HideSolutionNode = FALSE
	EndGlobalSection
	GlobalSection(ExtensibilityGlobals) = postSolution
		SolutionGuid = {B397BE4A-0FD5-48C2-A3FF-2E502D3F8992}
	EndGlobalSection
EndGlobal
